
Microsoft Visual Studio Solution File, Format Version 12.00
Project("{FAE04EC0-301F-11D3-BF4B-00C04F79EFBC}") = "Data", "Data\Data.csproj", "{077AA905-A6F3-4284-A280-FEFE58BB6DB2}"
EndProject
Project("{FAE04EC0-301F-11D3-BF4B-00C04F79EFBC}") = "WebApplication1", "WebApplication1\WebApplication1.csproj", "{6065D2E9-9664-4D0F-8B54-3D8A920C49FA}"
EndProject
Project("{FAE04EC0-301F-11D3-BF4B-00C04F79EFBC}") = "UnitTests", "UnitTests\UnitTests.csproj", "{DDC5AA9B-773E-4AC7-A376-75793BE2A9A8}"
EndProject
Project("{FAE04EC0-301F-11D3-BF4B-00C04F79EFBC}") = "WebAppAPI", "WebAppAPI\WebAppAPI.csproj", "{7339C4CB-46A8-40B0-989C-4EADB5707F52}"
EndProject
Project("{FAE04EC0-301F-11D3-BF4B-00C04F79EFBC}") = "WebAppBlazor", "WebAppBlazor\WebAppBlazor.csproj", "{54CA57F0-1FEB-4F4B-9E5C-648D0852C844}"
EndProject
Global
	GlobalSection(SolutionConfigurationPlatforms) = preSolution
		Debug|Any CPU = Debug|Any CPU
		Release|Any CPU = Release|Any CPU
	EndGlobalSection
	GlobalSection(ProjectConfigurationPlatforms) = postSolution
		{077AA905-A6F3-4284-A280-FEFE58BB6DB2}.Debug|Any CPU.ActiveCfg = Debug|Any CPU
		{077AA905-A6F3-4284-A280-FEFE58BB6DB2}.Debug|Any CPU.Build.0 = Debug|Any CPU
		{077AA905-A6F3-4284-A280-FEFE58BB6DB2}.Release|Any CPU.ActiveCfg = Release|Any CPU
		{077AA905-A6F3-4284-A280-FEFE58BB6DB2}.Release|Any CPU.Build.0 = Release|Any CPU
		{6065D2E9-9664-4D0F-8B54-3D8A920C49FA}.Debug|Any CPU.ActiveCfg = Debug|Any CPU
		{6065D2E9-9664-4D0F-8B54-3D8A920C49FA}.Debug|Any CPU.Build.0 = Debug|Any CPU
		{6065D2E9-9664-4D0F-8B54-3D8A920C49FA}.Release|Any CPU.ActiveCfg = Release|Any CPU
		{6065D2E9-9664-4D0F-8B54-3D8A920C49FA}.Release|Any CPU.Build.0 = Release|Any CPU
		{DDC5AA9B-773E-4AC7-A376-75793BE2A9A8}.Debug|Any CPU.ActiveCfg = Debug|Any CPU
		{DDC5AA9B-773E-4AC7-A376-75793BE2A9A8}.Debug|Any CPU.Build.0 = Debug|Any CPU
		{DDC5AA9B-773E-4AC7-A376-75793BE2A9A8}.Release|Any CPU.ActiveCfg = Release|Any CPU
		{DDC5AA9B-773E-4AC7-A376-75793BE2A9A8}.Release|Any CPU.Build.0 = Release|Any CPU
		{7339C4CB-46A8-40B0-989C-4EADB5707F52}.Debug|Any CPU.ActiveCfg = Debug|Any CPU
		{7339C4CB-46A8-40B0-989C-4EADB5707F52}.Debug|Any CPU.Build.0 = Debug|Any CPU
		{7339C4CB-46A8-40B0-989C-4EADB5707F52}.Release|Any CPU.ActiveCfg = Release|Any CPU
		{7339C4CB-46A8-40B0-989C-4EADB5707F52}.Release|Any CPU.Build.0 = Release|Any CPU
		{54CA57F0-1FEB-4F4B-9E5C-648D0852C844}.Debug|Any CPU.ActiveCfg = Debug|Any CPU
		{54CA57F0-1FEB-4F4B-9E5C-648D0852C844}.Debug|Any CPU.Build.0 = Debug|Any CPU
		{54CA57F0-1FEB-4F4B-9E5C-648D0852C844}.Release|Any CPU.ActiveCfg = Release|Any CPU
		{54CA57F0-1FEB-4F4B-9E5C-648D0852C844}.Release|Any CPU.Build.0 = Release|Any CPU
	EndGlobalSection
EndGlobal
